
Microsoft Visual Studio Solution File, Format Version 12.00
# Visual Studio Version 16
VisualStudioVersion = 16.0.31424.327
MinimumVisualStudioVersion = 10.0.40219.1
Project("{FAE04EC0-301F-11D3-BF4B-00C04F79EFBC}") = "Assembly-CSharp", "Assembly-CSharp.csproj", "{4ABD25F2-7453-1E14-1C63-BCE00338D1E5}"
EndProject
Project("{FAE04EC0-301F-11D3-BF4B-00C04F79EFBC}") = "Assembly-CSharp-Editor", "Assembly-CSharp-Editor.csproj", "{1640C06F-180F-03B6-7A77-ED68C21ED69E}"
EndProject
Global
	GlobalSection(SolutionConfigurationPlatforms) = preSolution
		Debug|Any CPU = Debug|Any CPU
		Release|Any CPU = Release|Any CPU
	EndGlobalSection
	GlobalSection(ProjectConfigurationPlatforms) = postSolution
		{4ABD25F2-7453-1E14-1C63-BCE00338D1E5}.Debug|Any CPU.ActiveCfg = Debug|Any CPU
		{4ABD25F2-7453-1E14-1C63-BCE00338D1E5}.Debug|Any CPU.Build.0 = Debug|Any CPU
		{4ABD25F2-7453-1E14-1C63-BCE00338D1E5}.Release|Any CPU.ActiveCfg = Release|Any CPU
		{4ABD25F2-7453-1E14-1C63-BCE00338D1E5}.Release|Any CPU.Build.0 = Release|Any CPU
		{1640C06F-180F-03B6-7A77-ED68C21ED69E}.Debug|Any CPU.ActiveCfg = Debug|Any CPU
		{1640C06F-180F-03B6-7A77-ED68C21ED69E}.Debug|Any CPU.Build.0 = Debug|Any CPU
		{1640C06F-180F-03B6-7A77-ED68C21ED69E}.Release|Any CPU.ActiveCfg = Release|Any CPU
		{1640C06F-180F-03B6-7A77-ED68C21ED69E}.Release|Any CPU.Build.0 = Release|Any CPU
	EndGlobalSection
	GlobalSection(SolutionProperties) = preSolution
		HideSolutionNode = FALSE
	EndGlobalSection
	GlobalSection(ExtensibilityGlobals) = postSolution
		SolutionGuid = {2366B7AE-E32A-46AF-BDD0-8BA200975653}
	EndGlobalSection
EndGlobal
